
Microsoft Visual Studio Solution File, Format Version 12.00
# Visual Studio 15
VisualStudioVersion = 15.0.27130.2024
MinimumVisualStudioVersion = 10.0.40219.1
Project("{FAE04EC0-301F-11D3-BF4B-00C04F79EFBC}") = "ConsoleApp3", "ConsoleApp3\ConsoleApp3.csproj", "{5588E171-8C3A-4C9E-A7A6-EFDF2D056052}"
EndProject
Global
	GlobalSection(SolutionConfigurationPlatforms) = preSolution
		Debug|Any CPU = Debug|Any CPU
		Release|Any CPU = Release|Any CPU
	EndGlobalSection
	GlobalSection(ProjectConfigurationPlatforms) = postSolution
		{5588E171-8C3A-4C9E-A7A6-EFDF2D056052}.Debug|Any CPU.ActiveCfg = Debug|Any CPU
		{5588E171-8C3A-4C9E-A7A6-EFDF2D056052}.Debug|Any CPU.Build.0 = Debug|Any CPU
		{5588E171-8C3A-4C9E-A7A6-EFDF2D056052}.Release|Any CPU.ActiveCfg = Release|Any CPU
		{5588E171-8C3A-4C9E-A7A6-EFDF2D056052}.Release|Any CPU.Build.0 = Release|Any CPU
	EndGlobalSection
	GlobalSection(SolutionProperties) = preSolution
		HideSolutionNode = FALSE
	EndGlobalSection
	GlobalSection(ExtensibilityGlobals) = postSolution
		SolutionGuid = {96BD382D-B772-4EFD-A092-C34C622B5494}
	EndGlobalSection
EndGlobal
